<?xml version="1.0" encoding="utf-8"?>
<Project ToolsVersion="4.0" xmlns="http://schemas.microsoft.com/developer/msbuild/2003">
  <ItemGroup>
    <Filter Include="Fichiers sources">
      <UniqueIdentifier>{4FC737F1-C7A5-4376-A066-2A32D752A2FF}</UniqueIdentifier>
      <Extensions>cpp;c;cc;cxx;def;odl;idl;hpj;bat;asm;asmx</Extensions>
    </Filter>
    <Filter Include="Fichiers d%27en-tête">
      <UniqueIdentifier>{93995380-89BD-4b04-88EB-625FBE52EBFB}</UniqueIdentifier>
      <Extensions>h;hh;hpp;hxx;hm;inl;inc;ipp;xsd</Extensions>
    </Filter>
    <Filter Include="Fichiers de ressources">
      <UniqueIdentifier>{67DA6AB6-F800-4c08-8B7A-83BB121AAD01}</UniqueIdentifier>
      <Extensions>rc;ico;cur;bmp;dlg;rc2;rct;bin;rgs;gif;jpg;jpeg;jpe;resx;tiff;tif;png;wav;mfcribbon-ms</Extensions>
    </Filter>
    <Filter Include="Fichiers d%27en-tête\utility">
      <UniqueIdentifier>{91c3df8d-7b82-4b96-9bbf-4b29efbce36d}</UniqueIdentifier>
    </Filter>
    <Filter Include="Fichiers sources\utility">
      <UniqueIdentifier>{ab5bff24-8ffb-4dd1-b47b-6b2e6178157d}</UniqueIdentifier>
    </Filter>
    <Filter Include="Fichiers sources\map">
      <UniqueIdentifier>{90bdb9f3-ce16-4e28-bb0a-a33dc97ab0ec}</UniqueIdentifier>
    </Filter>
    <Filter Include="Fichiers d%27en-tête\map">
      <UniqueIdentifier>{288f367a-7b90-4208-9f1e-1142695554f9}</UniqueIdentifier>
    </Filter>
  </ItemGroup>
  <ItemGroup>
    <ClCompile Include="NoiseTest.cpp">
      <Filter>Fichiers sources</Filter>
    </ClCompile>
    <ClCompile Include="FastNoise\FastNoise.cpp">
      <Filter>Fichiers sources</Filter>
    </ClCompile>
    <ClCompile Include="utility\random.cpp">
      <Filter>Fichiers sources\utility</Filter>
    </ClCompile>
    <ClCompile Include="map\WorldMapGenerator.cpp">
      <Filter>Fichiers sources\map</Filter>
    </ClCompile>
  </ItemGroup>
  <ItemGroup>
    <None Include="packages.config" />
  </ItemGroup>
  <ItemGroup>
    <ClInclude Include="FastNoise\FastNoise.h">
      <Filter>Fichiers d%27en-tête</Filter>
    </ClInclude>
    <ClInclude Include="utility\random.h">
      <Filter>Fichiers d%27en-tête\utility</Filter>
    </ClInclude>
    <ClInclude Include="map\WorldMapGenerator.h">
      <Filter>Fichiers d%27en-tête\map</Filter>
    </ClInclude>
    <ClInclude Include="utility\TextureManager.h">
      <Filter>Fichiers d%27en-tête\utility</Filter>
    </ClInclude>
    <ClInclude Include="map\Tile.h">
      <Filter>Fichiers d%27en-tête\map</Filter>
    </ClInclude>
  </ItemGroup>
</Project>